
Microsoft Visual Studio Solution File, Format Version 12.00
# Visual Studio Version 17
VisualStudioVersion = 17.5.002.0
MinimumVisualStudioVersion = 10.0.40219.1
Project("{2150E333-8FDC-42A3-9474-1A3956D46DE8}") = "Labfiles", "Labfiles", "{C888C640-52B4-4AAF-BB93-7D3F8244C6E3}"
EndProject
Project("{2150E333-8FDC-42A3-9474-1A3956D46DE8}") = "01-analyze-text", "01-analyze-text", "{6D42EA23-8327-4F84-8B8F-C7842C079956}"
EndProject
Project("{2150E333-8FDC-42A3-9474-1A3956D46DE8}") = "C-Sharp", "C-Sharp", "{1A56D444-2C4D-4983-8F2B-4232989807AF}"
EndProject
Project("{9A19103F-16F7-4668-BE54-9A1E7A4F7556}") = "text-analysis", "Labfiles\01-analyze-text\C-Sharp\text-analysis\text-analysis.csproj", "{09A589F5-801E-4D4F-9BD3-8F59016A9196}"
EndProject
Project("{2150E333-8FDC-42A3-9474-1A3956D46DE8}") = "07-speech", "07-speech", "{56B41A9B-E7AA-4D17-8B32-7C4EEB589A10}"
EndProject
Project("{2150E333-8FDC-42A3-9474-1A3956D46DE8}") = "C-Sharp", "C-Sharp", "{B0556FC8-87D7-4533-8DE3-596EC821266D}"
EndProject
Project("{9A19103F-16F7-4668-BE54-9A1E7A4F7556}") = "speaking-clock", "Labfiles\07-speech\C-Sharp\speaking-clock\speaking-clock.csproj", "{FF63AD90-1C10-4B79-AB26-C3E28D73F5A8}"
EndProject
Project("{2150E333-8FDC-42A3-9474-1A3956D46DE8}") = "02-qna", "02-qna", "{DB91629C-9EDB-4F96-A456-305C497A140F}"
EndProject
Project("{2150E333-8FDC-42A3-9474-1A3956D46DE8}") = "C-Sharp", "C-Sharp", "{6518BBEB-C220-49AC-98D4-2F0598E9E13E}"
EndProject
Project("{9A19103F-16F7-4668-BE54-9A1E7A4F7556}") = "qna-app", "Labfiles\02-qna\C-Sharp\qna-app\qna-app.csproj", "{14435B3B-F0CC-4033-A530-55DE8C2A9A10}"
EndProject
Project("{2150E333-8FDC-42A3-9474-1A3956D46DE8}") = "06b-translator-sdk", "06b-translator-sdk", "{08FF4AD7-DB77-46A2-98DB-09ED360A0038}"
EndProject
Project("{2150E333-8FDC-42A3-9474-1A3956D46DE8}") = "C-Sharp", "C-Sharp", "{3B2410E8-3EB7-4E4F-93BA-0F8EE1DD380E}"
EndProject
Project("{9A19103F-16F7-4668-BE54-9A1E7A4F7556}") = "translate_text", "Labfiles\06b-translator-sdk\C-Sharp\translate-text\translate_text.csproj", "{197E3DC9-F6CD-46BB-B96C-A3F86E1659BB}"
EndProject
Project("{2150E333-8FDC-42A3-9474-1A3956D46DE8}") = "08-speech-translation", "08-speech-translation", "{619CEB05-29A3-472A-9A70-123373487405}"
EndProject
Project("{2150E333-8FDC-42A3-9474-1A3956D46DE8}") = "C-Sharp", "C-Sharp", "{AC49709D-0867-40DD-9514-7F75D48156F7}"
EndProject
Project("{9A19103F-16F7-4668-BE54-9A1E7A4F7556}") = "translator", "Labfiles\08-speech-translation\C-Sharp\translator\translator.csproj", "{AB6E29B0-0419-4BC2-9FE5-1401C8A5490C}"
EndProject
Project("{2150E333-8FDC-42A3-9474-1A3956D46DE8}") = "03-language", "03-language", "{70910BE2-90E8-41C4-9104-22C13B858FB8}"
EndProject
Project("{2150E333-8FDC-42A3-9474-1A3956D46DE8}") = "C-Sharp", "C-Sharp", "{E3628F44-4B83-4447-88C8-A728982904C0}"
EndProject
Project("{9A19103F-16F7-4668-BE54-9A1E7A4F7556}") = "clock_client", "Labfiles\03-language\C-Sharp\clock-client\clock_client.csproj", "{3AD87F93-7465-473E-9B8B-DF1EC338CEA2}"
EndProject
Project("{2150E333-8FDC-42A3-9474-1A3956D46DE8}") = "04-text-classification", "04-text-classification", "{286AD0FD-CADB-4BE0-BBEE-C15CA19B274F}"
EndProject
Project("{2150E333-8FDC-42A3-9474-1A3956D46DE8}") = "C-Sharp", "C-Sharp", "{7799778E-9FE1-434F-B2D0-C04583C0B279}"
EndProject
Project("{9A19103F-16F7-4668-BE54-9A1E7A4F7556}") = "classify-text", "Labfiles\04-text-classification\C-Sharp\classify-text\classify-text.csproj", "{8E143021-03E4-4759-853C-81D661BD3D00}"
EndProject
Project("{2150E333-8FDC-42A3-9474-1A3956D46DE8}") = "06-translate-text", "06-translate-text", "{736DD633-E8B7-47D3-994A-4830A94C37A5}"
EndProject
Project("{2150E333-8FDC-42A3-9474-1A3956D46DE8}") = "C-Sharp", "C-Sharp", "{9B901086-7506-4E9F-91DF-11765726CE27}"
EndProject
Project("{9A19103F-16F7-4668-BE54-9A1E7A4F7556}") = "translate_text", "Labfiles\06-translate-text\C-Sharp\text-translation\translate_text.csproj", "{B1FAADF0-81BB-40AE-8565-43BB56A90AD3}"
EndProject
Project("{2150E333-8FDC-42A3-9474-1A3956D46DE8}") = "05-custom-entity-recognition", "05-custom-entity-recognition", "{AB89B8F1-0631-4BA4-9D54-B88EE77005E0}"
EndProject
Project("{2150E333-8FDC-42A3-9474-1A3956D46DE8}") = "C-Sharp", "C-Sharp", "{5C614705-0A4D-4394-811D-0346D258901F}"
EndProject
Project("{9A19103F-16F7-4668-BE54-9A1E7A4F7556}") = "custom-entities", "Labfiles\05-custom-entity-recognition\C-Sharp\custom-entities\custom-entities.csproj", "{D32C1707-5C0A-45CF-9E8F-57D96D4D5F38}"
EndProject
Global
	GlobalSection(SolutionConfigurationPlatforms) = preSolution
		Debug|Any CPU = Debug|Any CPU
		Release|Any CPU = Release|Any CPU
	EndGlobalSection
	GlobalSection(ProjectConfigurationPlatforms) = postSolution
		{09A589F5-801E-4D4F-9BD3-8F59016A9196}.Debug|Any CPU.ActiveCfg = Debug|Any CPU
		{09A589F5-801E-4D4F-9BD3-8F59016A9196}.Debug|Any CPU.Build.0 = Debug|Any CPU
		{09A589F5-801E-4D4F-9BD3-8F59016A9196}.Release|Any CPU.ActiveCfg = Release|Any CPU
		{09A589F5-801E-4D4F-9BD3-8F59016A9196}.Release|Any CPU.Build.0 = Release|Any CPU
		{FF63AD90-1C10-4B79-AB26-C3E28D73F5A8}.Debug|Any CPU.ActiveCfg = Debug|Any CPU
		{FF63AD90-1C10-4B79-AB26-C3E28D73F5A8}.Debug|Any CPU.Build.0 = Debug|Any CPU
		{FF63AD90-1C10-4B79-AB26-C3E28D73F5A8}.Release|Any CPU.ActiveCfg = Release|Any CPU
		{FF63AD90-1C10-4B79-AB26-C3E28D73F5A8}.Release|Any CPU.Build.0 = Release|Any CPU
		{14435B3B-F0CC-4033-A530-55DE8C2A9A10}.Debug|Any CPU.ActiveCfg = Debug|Any CPU
		{14435B3B-F0CC-4033-A530-55DE8C2A9A10}.Debug|Any CPU.Build.0 = Debug|Any CPU
		{14435B3B-F0CC-4033-A530-55DE8C2A9A10}.Release|Any CPU.ActiveCfg = Release|Any CPU
		{14435B3B-F0CC-4033-A530-55DE8C2A9A10}.Release|Any CPU.Build.0 = Release|Any CPU
		{197E3DC9-F6CD-46BB-B96C-A3F86E1659BB}.Debug|Any CPU.ActiveCfg = Debug|Any CPU
		{197E3DC9-F6CD-46BB-B96C-A3F86E1659BB}.Debug|Any CPU.Build.0 = Debug|Any CPU
		{197E3DC9-F6CD-46BB-B96C-A3F86E1659BB}.Release|Any CPU.ActiveCfg = Release|Any CPU
		{197E3DC9-F6CD-46BB-B96C-A3F86E1659BB}.Release|Any CPU.Build.0 = Release|Any CPU
		{AB6E29B0-0419-4BC2-9FE5-1401C8A5490C}.Debug|Any CPU.ActiveCfg = Debug|Any CPU
		{AB6E29B0-0419-4BC2-9FE5-1401C8A5490C}.Debug|Any CPU.Build.0 = Debug|Any CPU
		{AB6E29B0-0419-4BC2-9FE5-1401C8A5490C}.Release|Any CPU.ActiveCfg = Release|Any CPU
		{AB6E29B0-0419-4BC2-9FE5-1401C8A5490C}.Release|Any CPU.Build.0 = Release|Any CPU
		{3AD87F93-7465-473E-9B8B-DF1EC338CEA2}.Debug|Any CPU.ActiveCfg = Debug|Any CPU
		{3AD87F93-7465-473E-9B8B-DF1EC338CEA2}.Debug|Any CPU.Build.0 = Debug|Any CPU
		{3AD87F93-7465-473E-9B8B-DF1EC338CEA2}.Release|Any CPU.ActiveCfg = Release|Any CPU
		{3AD87F93-7465-473E-9B8B-DF1EC338CEA2}.Release|Any CPU.Build.0 = Release|Any CPU
		{8E143021-03E4-4759-853C-81D661BD3D00}.Debug|Any CPU.ActiveCfg = Debug|Any CPU
		{8E143021-03E4-4759-853C-81D661BD3D00}.Debug|Any CPU.Build.0 = Debug|Any CPU
		{8E143021-03E4-4759-853C-81D661BD3D00}.Release|Any CPU.ActiveCfg = Release|Any CPU
		{8E143021-03E4-4759-853C-81D661BD3D00}.Release|Any CPU.Build.0 = Release|Any CPU
		{B1FAADF0-81BB-40AE-8565-43BB56A90AD3}.Debug|Any CPU.ActiveCfg = Debug|Any CPU
		{B1FAADF0-81BB-40AE-8565-43BB56A90AD3}.Debug|Any CPU.Build.0 = Debug|Any CPU
		{B1FAADF0-81BB-40AE-8565-43BB56A90AD3}.Release|Any CPU.ActiveCfg = Release|Any CPU
		{B1FAADF0-81BB-40AE-8565-43BB56A90AD3}.Release|Any CPU.Build.0 = Release|Any CPU
		{D32C1707-5C0A-45CF-9E8F-57D96D4D5F38}.Debug|Any CPU.ActiveCfg = Debug|Any CPU
		{D32C1707-5C0A-45CF-9E8F-57D96D4D5F38}.Debug|Any CPU.Build.0 = Debug|Any CPU
		{D32C1707-5C0A-45CF-9E8F-57D96D4D5F38}.Release|Any CPU.ActiveCfg = Release|Any CPU
		{D32C1707-5C0A-45CF-9E8F-57D96D4D5F38}.Release|Any CPU.Build.0 = Release|Any CPU
	EndGlobalSection
	GlobalSection(SolutionProperties) = preSolution
		HideSolutionNode = FALSE
	EndGlobalSection
	GlobalSection(NestedProjects) = preSolution
		{6D42EA23-8327-4F84-8B8F-C7842C079956} = {C888C640-52B4-4AAF-BB93-7D3F8244C6E3}
		{1A56D444-2C4D-4983-8F2B-4232989807AF} = {6D42EA23-8327-4F84-8B8F-C7842C079956}
		{09A589F5-801E-4D4F-9BD3-8F59016A9196} = {1A56D444-2C4D-4983-8F2B-4232989807AF}
		{56B41A9B-E7AA-4D17-8B32-7C4EEB589A10} = {C888C640-52B4-4AAF-BB93-7D3F8244C6E3}
		{B0556FC8-87D7-4533-8DE3-596EC821266D} = {56B41A9B-E7AA-4D17-8B32-7C4EEB589A10}
		{FF63AD90-1C10-4B79-AB26-C3E28D73F5A8} = {B0556FC8-87D7-4533-8DE3-596EC821266D}
		{DB91629C-9EDB-4F96-A456-305C497A140F} = {C888C640-52B4-4AAF-BB93-7D3F8244C6E3}
		{6518BBEB-C220-49AC-98D4-2F0598E9E13E} = {DB91629C-9EDB-4F96-A456-305C497A140F}
		{14435B3B-F0CC-4033-A530-55DE8C2A9A10} = {6518BBEB-C220-49AC-98D4-2F0598E9E13E}
		{08FF4AD7-DB77-46A2-98DB-09ED360A0038} = {C888C640-52B4-4AAF-BB93-7D3F8244C6E3}
		{3B2410E8-3EB7-4E4F-93BA-0F8EE1DD380E} = {08FF4AD7-DB77-46A2-98DB-09ED360A0038}
		{197E3DC9-F6CD-46BB-B96C-A3F86E1659BB} = {3B2410E8-3EB7-4E4F-93BA-0F8EE1DD380E}
		{619CEB05-29A3-472A-9A70-123373487405} = {C888C640-52B4-4AAF-BB93-7D3F8244C6E3}
		{AC49709D-0867-40DD-9514-7F75D48156F7} = {619CEB05-29A3-472A-9A70-123373487405}
		{AB6E29B0-0419-4BC2-9FE5-1401C8A5490C} = {AC49709D-0867-40DD-9514-7F75D48156F7}
		{70910BE2-90E8-41C4-9104-22C13B858FB8} = {C888C640-52B4-4AAF-BB93-7D3F8244C6E3}
		{E3628F44-4B83-4447-88C8-A728982904C0} = {70910BE2-90E8-41C4-9104-22C13B858FB8}
		{3AD87F93-7465-473E-9B8B-DF1EC338CEA2} = {E3628F44-4B83-4447-88C8-A728982904C0}
		{286AD0FD-CADB-4BE0-BBEE-C15CA19B274F} = {C888C640-52B4-4AAF-BB93-7D3F8244C6E3}
		{7799778E-9FE1-434F-B2D0-C04583C0B279} = {286AD0FD-CADB-4BE0-BBEE-C15CA19B274F}
		{8E143021-03E4-4759-853C-81D661BD3D00} = {7799778E-9FE1-434F-B2D0-C04583C0B279}
		{736DD633-E8B7-47D3-994A-4830A94C37A5} = {C888C640-52B4-4AAF-BB93-7D3F8244C6E3}
		{9B901086-7506-4E9F-91DF-11765726CE27} = {736DD633-E8B7-47D3-994A-4830A94C37A5}
		{B1FAADF0-81BB-40AE-8565-43BB56A90AD3} = {9B901086-7506-4E9F-91DF-11765726CE27}
		{AB89B8F1-0631-4BA4-9D54-B88EE77005E0} = {C888C640-52B4-4AAF-BB93-7D3F8244C6E3}
		{5C614705-0A4D-4394-811D-0346D258901F} = {AB89B8F1-0631-4BA4-9D54-B88EE77005E0}
		{D32C1707-5C0A-45CF-9E8F-57D96D4D5F38} = {5C614705-0A4D-4394-811D-0346D258901F}
	EndGlobalSection
	GlobalSection(ExtensibilityGlobals) = postSolution
		SolutionGuid = {142AEB2C-2FF1-4DA1-B68E-98586E1E8D1D}
	EndGlobalSection
EndGlobal
